// !$*UTF8*$!
{
	archiveVersion = 1;
	classes = {
	};
	objectVersion = 55;
	objects = {

/* Begin PBXBuildFile section */
		A673B4792820333500ED5FF0 /* lecteur_video.swift in Sources */ = {isa = PBXBuildFile; fileRef = A673B4782820333500ED5FF0 /* lecteur_video.swift */; };
		A6C089C827FC18AA00C5334F /* Natpass_macappApp.swift in Sources */ = {isa = PBXBuildFile; fileRef = A6C089C727FC18AA00C5334F /* Natpass_macappApp.swift */; };
		A6C089CA27FC18AA00C5334F /* ContentView.swift in Sources */ = {isa = PBXBuildFile; fileRef = A6C089C927FC18AA00C5334F /* ContentView.swift */; };
		A6C089CC27FC18AE00C5334F /* Assets.xcassets in Resources */ = {isa = PBXBuildFile; fileRef = A6C089CB27FC18AE00C5334F /* Assets.xcassets */; };
		A6C089CF27FC18AE00C5334F /* Preview Assets.xcassets in Resources */ = {isa = PBXBuildFile; fileRef = A6C089CE27FC18AE00C5334F /* Preview Assets.xcassets */; };
		A6C089EF27FC1A4800C5334F /* Acceuil.swift in Sources */ = {isa = PBXBuildFile; fileRef = A6C089E527FC1A4800C5334F /* Acceuil.swift */; };
		A6C089F627FC1A4F00C5334F /* BRASSE.swift in Sources */ = {isa = PBXBuildFile; fileRef = A6C089F527FC1A4F00C5334F /* BRASSE.swift */; };
		A6C089FA27FC1A5F00C5334F /* CRAWL.swift in Sources */ = {isa = PBXBuildFile; fileRef = A6C089F927FC1A5E00C5334F /* CRAWL.swift */; };
		A6C089FC27FC1A6300C5334F /* DOS.swift in Sources */ = {isa = PBXBuildFile; fileRef = A6C089FB27FC1A6300C5334F /* DOS.swift */; };
		A6C089FE27FC1A6600C5334F /* PAPILLON.swift in Sources */ = {isa = PBXBuildFile; fileRef = A6C089FD27FC1A6600C5334F /* PAPILLON.swift */; };
		A6C08A0227FC1A6D00C5334F /* resultat.swift in Sources */ = {isa = PBXBuildFile; fileRef = A6C08A0127FC1A6D00C5334F /* resultat.swift */; };
		A6C08A0427FC1A7100C5334F /* ResultatConnexion.swift in Sources */ = {isa = PBXBuildFile; fileRef = A6C08A0327FC1A7100C5334F /* ResultatConnexion.swift */; };
		A6C08A0827FC1A8900C5334F /* ServiceWebLecon.swift in Sources */ = {isa = PBXBuildFile; fileRef = A6C08A0727FC1A8900C5334F /* ServiceWebLecon.swift */; };
		A6C08A1027FC1BB500C5334F /* ServiceWeb.swift in Sources */ = {isa = PBXBuildFile; fileRef = A6C08A0F27FC1BB500C5334F /* ServiceWeb.swift */; };
		A6F17B162823B3060037918A /* ServiceMotCle.swift in Sources */ = {isa = PBXBuildFile; fileRef = A6F17B152823B3060037918A /* ServiceMotCle.swift */; };
		A6F17B1A2823C0BD0037918A /* Resultat_Recherche.swift in Sources */ = {isa = PBXBuildFile; fileRef = A6F17B192823C0BD0037918A /* Resultat_Recherche.swift */; };
/* End PBXBuildFile section */

/* Begin PBXFileReference section */
		A673B4782820333500ED5FF0 /* lecteur_video.swift */ = {isa = PBXFileReference; lastKnownFileType = sourcecode.swift; path = lecteur_video.swift; sourceTree = "<group>"; };
		A6C089C427FC18AA00C5334F /* Natpass-macapp.app */ = {isa = PBXFileReference; explicitFileType = wrapper.application; includeInIndex = 0; path = "Natpass-macapp.app"; sourceTree = BUILT_PRODUCTS_DIR; };
		A6C089C727FC18AA00C5334F /* Natpass_macappApp.swift */ = {isa = PBXFileReference; lastKnownFileType = sourcecode.swift; path = Natpass_macappApp.swift; sourceTree = "<group>"; };
		A6C089C927FC18AA00C5334F /* ContentView.swift */ = {isa = PBXFileReference; lastKnownFileType = sourcecode.swift; path = ContentView.swift; sourceTree = "<group>"; };
		A6C089CB27FC18AE00C5334F /* Assets.xcassets */ = {isa = PBXFileReference; lastKnownFileType = folder.assetcatalog; path = Assets.xcassets; sourceTree = "<group>"; };
		A6C089CE27FC18AE00C5334F /* Preview Assets.xcassets */ = {isa = PBXFileReference; lastKnownFileType = folder.assetcatalog; path = "Preview Assets.xcassets"; sourceTree = "<group>"; };
		A6C089D027FC18AE00C5334F /* Natpass_macapp.entitlements */ = {isa = PBXFileReference; lastKnownFileType = text.plist.entitlements; path = Natpass_macapp.entitlements; sourceTree = "<group>"; };
		A6C089E527FC1A4800C5334F /* Acceuil.swift */ = {isa = PBXFileReference; fileEncoding = 4; lastKnownFileType = sourcecode.swift; path = Acceuil.swift; sourceTree = "<group>"; };
		A6C089F527FC1A4F00C5334F /* BRASSE.swift */ = {isa = PBXFileReference; lastKnownFileType = sourcecode.swift; path = BRASSE.swift; sourceTree = "<group>"; };
		A6C089F927FC1A5E00C5334F /* CRAWL.swift */ = {isa = PBXFileReference; lastKnownFileType = sourcecode.swift; path = CRAWL.swift; sourceTree = "<group>"; };
		A6C089FB27FC1A6300C5334F /* DOS.swift */ = {isa = PBXFileReference; lastKnownFileType = sourcecode.swift; path = DOS.swift; sourceTree = "<group>"; };
		A6C089FD27FC1A6600C5334F /* PAPILLON.swift */ = {isa = PBXFileReference; lastKnownFileType = sourcecode.swift; path = PAPILLON.swift; sourceTree = "<group>"; };
		A6C08A0127FC1A6D00C5334F /* resultat.swift */ = {isa = PBXFileReference; lastKnownFileType = sourcecode.swift; path = resultat.swift; sourceTree = "<group>"; };
		A6C08A0327FC1A7100C5334F /* ResultatConnexion.swift */ = {isa = PBXFileReference; lastKnownFileType = sourcecode.swift; path = ResultatConnexion.swift; sourceTree = "<group>"; };
		A6C08A0727FC1A8900C5334F /* ServiceWebLecon.swift */ = {isa = PBXFileReference; lastKnownFileType = sourcecode.swift; path = ServiceWebLecon.swift; sourceTree = "<group>"; };
		A6C08A0F27FC1BB500C5334F /* ServiceWeb.swift */ = {isa = PBXFileReference; lastKnownFileType = sourcecode.swift; path = ServiceWeb.swift; sourceTree = "<group>"; };
		A6F17B152823B3060037918A /* ServiceMotCle.swift */ = {isa = PBXFileReference; lastKnownFileType = sourcecode.swift; path = ServiceMotCle.swift; sourceTree = "<group>"; };
		A6F17B192823C0BD0037918A /* Resultat_Recherche.swift */ = {isa = PBXFileReference; lastKnownFileType = sourcecode.swift; path = Resultat_Recherche.swift; sourceTree = "<group>"; };
/* End PBXFileReference section */

/* Begin PBXFrameworksBuildPhase section */
		A6C089C127FC18AA00C5334F /* Frameworks */ = {
			isa = PBXFrameworksBuildPhase;
			buildActionMask = 2147483647;
			files = (
			);
			runOnlyForDeploymentPostprocessing = 0;
		};
/* End PBXFrameworksBuildPhase section */

/* Begin PBXGroup section */
		A6C089BB27FC18AA00C5334F = {
			isa = PBXGroup;
			children = (
				A6C089C627FC18AA00C5334F /* Natpass-macapp */,
				A6C089C527FC18AA00C5334F /* Products */,
			);
			sourceTree = "<group>";
		};
		A6C089C527FC18AA00C5334F /* Products */ = {
			isa = PBXGroup;
			children = (
				A6C089C427FC18AA00C5334F /* Natpass-macapp.app */,
			);
			name = Products;
			sourceTree = "<group>";
		};
		A6C089C627FC18AA00C5334F /* Natpass-macapp */ = {
			isa = PBXGroup;
			children = (
				A6C089C727FC18AA00C5334F /* Natpass_macappApp.swift */,
				A6C089E527FC1A4800C5334F /* Acceuil.swift */,
				A6C089C927FC18AA00C5334F /* ContentView.swift */,
				A6C089F527FC1A4F00C5334F /* BRASSE.swift */,
				A6C089F927FC1A5E00C5334F /* CRAWL.swift */,
				A6C089FB27FC1A6300C5334F /* DOS.swift */,
				A6C089FD27FC1A6600C5334F /* PAPILLON.swift */,
				A6F17B192823C0BD0037918A /* Resultat_Recherche.swift */,
				A6C08A0F27FC1BB500C5334F /* ServiceWeb.swift */,
				A6C08A0727FC1A8900C5334F /* ServiceWebLecon.swift */,
				A6F17B152823B3060037918A /* ServiceMotCle.swift */,
				A6C08A0327FC1A7100C5334F /* ResultatConnexion.swift */,
				A6C08A0127FC1A6D00C5334F /* resultat.swift */,
				A673B4782820333500ED5FF0 /* lecteur_video.swift */,
				A6C089CB27FC18AE00C5334F /* Assets.xcassets */,
				A6C089D027FC18AE00C5334F /* Natpass_macapp.entitlements */,
				A6C089CD27FC18AE00C5334F /* Preview Content */,
			);
			path = "Natpass-macapp";
			sourceTree = "<group>";
		};
		A6C089CD27FC18AE00C5334F /* Preview Content */ = {
			isa = PBXGroup;
			children = (
				A6C089CE27FC18AE00C5334F /* Preview Assets.xcassets */,
			);
			path = "Preview Content";
			sourceTree = "<group>";
		};
/* End PBXGroup section */

/* Begin PBXNativeTarget section */
		A6C089C327FC18AA00C5334F /* Natpass-macapp */ = {
			isa = PBXNativeTarget;
			buildConfigurationList = A6C089D327FC18AE00C5334F /* Build configuration list for PBXNativeTarget "Natpass-macapp" */;
			buildPhases = (
				A6C089C027FC18AA00C5334F /* Sources */,
				A6C089C127FC18AA00C5334F /* Frameworks */,
				A6C089C227FC18AA00C5334F /* Resources */,
			);
			buildRules = (
			);
			dependencies = (
			);
			name = "Natpass-macapp";
			packageProductDependencies = (
			);
			productName = "Natpass-macapp";
			productReference = A6C089C427FC18AA00C5334F /* Natpass-macapp.app */;
			productType = "com.apple.product-type.application";
		};
/* End PBXNativeTarget section */

/* Begin PBXProject section */
		A6C089BC27FC18AA00C5334F /* Project object */ = {
			isa = PBXProject;
			attributes = {
				BuildIndependentTargetsInParallel = 1;
				LastSwiftUpdateCheck = 1330;
				LastUpgradeCheck = 1330;
				TargetAttributes = {
					A6C089C327FC18AA00C5334F = {
						CreatedOnToolsVersion = 13.3;
					};
				};
			};
			buildConfigurationList = A6C089BF27FC18AA00C5334F /* Build configuration list for PBXProject "Natpass-macapp" */;
			compatibilityVersion = "Xcode 13.0";
			developmentRegion = en;
			hasScannedForEncodings = 0;
			knownRegions = (
				en,
				Base,
			);
			mainGroup = A6C089BB27FC18AA00C5334F;
			packageReferences = (
			);
			productRefGroup = A6C089C527FC18AA00C5334F /* Products */;
			projectDirPath = "";
			projectRoot = "";
			targets = (
				A6C089C327FC18AA00C5334F /* Natpass-macapp */,
			);
		};
/* End PBXProject section */

/* Begin PBXResourcesBuildPhase section */
		A6C089C227FC18AA00C5334F /* Resources */ = {
			isa = PBXResourcesBuildPhase;
			buildActionMask = 2147483647;
			files = (
				A6C089CF27FC18AE00C5334F /* Preview Assets.xcassets in Resources */,
				A6C089CC27FC18AE00C5334F /* Assets.xcassets in Resources */,
			);
			runOnlyForDeploymentPostprocessing = 0;
		};
/* End PBXResourcesBuildPhase section */

/* Begin PBXSourcesBuildPhase section */
		A6C089C027FC18AA00C5334F /* Sources */ = {
			isa = PBXSourcesBuildPhase;
			buildActionMask = 2147483647;
			files = (
				A6C08A0427FC1A7100C5334F /* ResultatConnexion.swift in Sources */,
				A6C08A0827FC1A8900C5334F /* ServiceWebLecon.swift in Sources */,
				A6C08A0227FC1A6D00C5334F /* resultat.swift in Sources */,
				A6C08A1027FC1BB500C5334F /* ServiceWeb.swift in Sources */,
				A6F17B1A2823C0BD0037918A /* Resultat_Recherche.swift in Sources */,
				A673B4792820333500ED5FF0 /* lecteur_video.swift in Sources */,
				A6C089EF27FC1A4800C5334F /* Acceuil.swift in Sources */,
				A6C089CA27FC18AA00C5334F /* ContentView.swift in Sources */,
				A6C089FE27FC1A6600C5334F /* PAPILLON.swift in Sources */,
				A6C089FC27FC1A6300C5334F /* DOS.swift in Sources */,
				A6C089C827FC18AA00C5334F /* Natpass_macappApp.swift in Sources */,
				A6F17B162823B3060037918A /* ServiceMotCle.swift in Sources */,
				A6C089FA27FC1A5F00C5334F /* CRAWL.swift in Sources */,
				A6C089F627FC1A4F00C5334F /* BRASSE.swift in Sources */,
			);
			runOnlyForDeploymentPostprocessing = 0;
		};
/* End PBXSourcesBuildPhase section */

/* Begin XCBuildConfiguration section */
		A6C089D127FC18AE00C5334F /* Debug */ = {
			isa = XCBuildConfiguration;
			buildSettings = {
				ALWAYS_SEARCH_USER_PATHS = NO;
				CLANG_ANALYZER_NONNULL = YES;
				CLANG_ANALYZER_NUMBER_OBJECT_CONVERSION = YES_AGGRESSIVE;
				CLANG_CXX_LANGUAGE_STANDARD = "gnu++17";
				CLANG_ENABLE_MODULES = YES;
				CLANG_ENABLE_OBJC_ARC = YES;
				CLANG_ENABLE_OBJC_WEAK = YES;
				CLANG_WARN_BLOCK_CAPTURE_AUTORELEASING = YES;
				CLANG_WARN_BOOL_CONVERSION = YES;
				CLANG_WARN_COMMA = YES;
				CLANG_WARN_CONSTANT_CONVERSION = YES;
				CLANG_WARN_DEPRECATED_OBJC_IMPLEMENTATIONS = YES;
				CLANG_WARN_DIRECT_OBJC_ISA_USAGE = YES_ERROR;
				CLANG_WARN_DOCUMENTATION_COMMENTS = YES;
				CLANG_WARN_EMPTY_BODY = YES;
				CLANG_WARN_ENUM_CONVERSION = YES;
				CLANG_WARN_INFINITE_RECURSION = YES;
				CLANG_WARN_INT_CONVERSION = YES;
				CLANG_WARN_NON_LITERAL_NULL_CONVERSION = YES;
				CLANG_WARN_OBJC_IMPLICIT_RETAIN_SELF = YES;
				CLANG_WARN_OBJC_LITERAL_CONVERSION = YES;
				CLANG_WARN_OBJC_ROOT_CLASS = YES_ERROR;
				CLANG_WARN_QUOTED_INCLUDE_IN_FRAMEWORK_HEADER = YES;
				CLANG_WARN_RANGE_LOOP_ANALYSIS = YES;
				CLANG_WARN_STRICT_PROTOTYPES = YES;
				CLANG_WARN_SUSPICIOUS_MOVE = YES;
				CLANG_WARN_UNGUARDED_AVAILABILITY = YES_AGGRESSIVE;
				CLANG_WARN_UNREACHABLE_CODE = YES;
				CLANG_WARN__DUPLICATE_METHOD_MATCH = YES;
				COPY_PHASE_STRIP = NO;
				DEBUG_INFORMATION_FORMAT = dwarf;
				ENABLE_STRICT_OBJC_MSGSEND = YES;
				ENABLE_TESTABILITY = YES;
				GCC_C_LANGUAGE_STANDARD = gnu11;
				GCC_DYNAMIC_NO_PIC = NO;
				GCC_NO_COMMON_BLOCKS = YES;
				GCC_OPTIMIZATION_LEVEL = 0;
				GCC_PREPROCESSOR_DEFINITIONS = (
					"DEBUG=1",
					"$(inherited)",
				);
				GCC_WARN_64_TO_32_BIT_CONVERSION = YES;
				GCC_WARN_ABOUT_RETURN_TYPE = YES_ERROR;
				GCC_WARN_UNDECLARED_SELECTOR = YES;
				GCC_WARN_UNINITIALIZED_AUTOS = YES_AGGRESSIVE;
				GCC_WARN_UNUSED_FUNCTION = YES;
				GCC_WARN_UNUSED_VARIABLE = YES;
				MACOSX_DEPLOYMENT_TARGET = 12.3;
				MTL_ENABLE_DEBUG_INFO = INCLUDE_SOURCE;
				MTL_FAST_MATH = YES;
				ONLY_ACTIVE_ARCH = YES;
				SDKROOT = macosx;
				SWIFT_ACTIVE_COMPILATION_CONDITIONS = DEBUG;
				SWIFT_OPTIMIZATION_LEVEL = "-Onone";
			};
			name = Debug;
		};
		A6C089D227FC18AE00C5334F /* Release */ = {
			isa = XCBuildConfiguration;
			buildSettings = {
				ALWAYS_SEARCH_USER_PATHS = NO;
				CLANG_ANALYZER_NONNULL = YES;
				CLANG_ANALYZER_NUMBER_OBJECT_CONVERSION = YES_AGGRESSIVE;
				CLANG_CXX_LANGUAGE_STANDARD = "gnu++17";
				CLANG_ENABLE_MODULES = YES;
				CLANG_ENABLE_OBJC_ARC = YES;
				CLANG_ENABLE_OBJC_WEAK = YES;
				CLANG_WARN_BLOCK_CAPTURE_AUTORELEASING = YES;
				CLANG_WARN_BOOL_CONVERSION = YES;
				CLANG_WARN_COMMA = YES;
				CLANG_WARN_CONSTANT_CONVERSION = YES;
				CLANG_WARN_DEPRECATED_OBJC_IMPLEMENTATIONS = YES;
				CLANG_WARN_DIRECT_OBJC_ISA_USAGE = YES_ERROR;
				CLANG_WARN_DOCUMENTATION_COMMENTS = YES;
				CLANG_WARN_EMPTY_BODY = YES;
				CLANG_WARN_ENUM_CONVERSION = YES;
				CLANG_WARN_INFINITE_RECURSION = YES;
				CLANG_WARN_INT_CONVERSION = YES;
				CLANG_WARN_NON_LITERAL_NULL_CONVERSION = YES;
				CLANG_WARN_OBJC_IMPLICIT_RETAIN_SELF = YES;
				CLANG_WARN_OBJC_LITERAL_CONVERSION = YES;
				CLANG_WARN_OBJC_ROOT_CLASS = YES_ERROR;
				CLANG_WARN_QUOTED_INCLUDE_IN_FRAMEWORK_HEADER = YES;
				CLANG_WARN_RANGE_LOOP_ANALYSIS = YES;
				CLANG_WARN_STRICT_PROTOTYPES = YES;
				CLANG_WARN_SUSPICIOUS_MOVE = YES;
				CLANG_WARN_UNGUARDED_AVAILABILITY = YES_AGGRESSIVE;
				CLANG_WARN_UNREACHABLE_CODE = YES;
				CLANG_WARN__DUPLICATE_METHOD_MATCH = YES;
				COPY_PHASE_STRIP = NO;
				DEBUG_INFORMATION_FORMAT = "dwarf-with-dsym";
				ENABLE_NS_ASSERTIONS = NO;
				ENABLE_STRICT_OBJC_MSGSEND = YES;
				GCC_C_LANGUAGE_STANDARD = gnu11;
				GCC_NO_COMMON_BLOCKS = YES;
				GCC_WARN_64_TO_32_BIT_CONVERSION = YES;
				GCC_WARN_ABOUT_RETURN_TYPE = YES_ERROR;
				GCC_WARN_UNDECLARED_SELECTOR = YES;
				GCC_WARN_UNINITIALIZED_AUTOS = YES_AGGRESSIVE;
				GCC_WARN_UNUSED_FUNCTION = YES;
				GCC_WARN_UNUSED_VARIABLE = YES;
				MACOSX_DEPLOYMENT_TARGET = 12.3;
				MTL_ENABLE_DEBUG_INFO = NO;
				MTL_FAST_MATH = YES;
				SDKROOT = macosx;
				SWIFT_COMPILATION_MODE = wholemodule;
				SWIFT_OPTIMIZATION_LEVEL = "-O";
			};
			name = Release;
		};
		A6C089D427FC18AE00C5334F /* Debug */ = {
			isa = XCBuildConfiguration;
			buildSettings = {
				ASSETCATALOG_COMPILER_APPICON_NAME = AppIcon;
				ASSETCATALOG_COMPILER_GLOBAL_ACCENT_COLOR_NAME = AccentColor;
				CODE_SIGN_ENTITLEMENTS = "Natpass-macapp/Natpass_macapp.entitlements";
				CODE_SIGN_STYLE = Automatic;
				COMBINE_HIDPI_IMAGES = YES;
				CURRENT_PROJECT_VERSION = 1;
				DEVELOPMENT_ASSET_PATHS = "\"Natpass-macapp/Preview Content\"";
				ENABLE_PREVIEWS = YES;
				GENERATE_INFOPLIST_FILE = YES;
				INFOPLIST_KEY_NSHumanReadableCopyright = "";
				LD_RUNPATH_SEARCH_PATHS = (
					"$(inherited)",
					"@executable_path/../Frameworks",
				);
				MACOSX_DEPLOYMENT_TARGET = 12.3;
				MARKETING_VERSION = 1.0;
				PRODUCT_BUNDLE_IDENTIFIER = "BTSSN.Natpass-macapp";
				PRODUCT_NAME = "$(TARGET_NAME)";
				SWIFT_EMIT_LOC_STRINGS = YES;
				SWIFT_VERSION = 5.0;
			};
			name = Debug;
		};
		A6C089D527FC18AE00C5334F /* Release */ = {
			isa = XCBuildConfiguration;
			buildSettings = {
				ASSETCATALOG_COMPILER_APPICON_NAME = AppIcon;
				ASSETCATALOG_COMPILER_GLOBAL_ACCENT_COLOR_NAME = AccentColor;
				CODE_SIGN_ENTITLEMENTS = "Natpass-macapp/Natpass_macapp.entitlements";
				CODE_SIGN_STYLE = Automatic;
				COMBINE_HIDPI_IMAGES = YES;
				CURRENT_PROJECT_VERSION = 1;
				DEVELOPMENT_ASSET_PATHS = "\"Natpass-macapp/Preview Content\"";
				ENABLE_PREVIEWS = YES;
				GENERATE_INFOPLIST_FILE = YES;
				INFOPLIST_KEY_NSHumanReadableCopyright = "";
				LD_RUNPATH_SEARCH_PATHS = (
					"$(inherited)",
					"@executable_path/../Frameworks",
				);
				MACOSX_DEPLOYMENT_TARGET = 12.3;
				MARKETING_VERSION = 1.0;
				PRODUCT_BUNDLE_IDENTIFIER = "BTSSN.Natpass-macapp";
				PRODUCT_NAME = "$(TARGET_NAME)";
				SWIFT_EMIT_LOC_STRINGS = YES;
				SWIFT_VERSION = 5.0;
			};
			name = Release;
		};
/* End XCBuildConfiguration section */

/* Begin XCConfigurationList section */
		A6C089BF27FC18AA00C5334F /* Build configuration list for PBXProject "Natpass-macapp" */ = {
			isa = XCConfigurationList;
			buildConfigurations = (
				A6C089D127FC18AE00C5334F /* Debug */,
				A6C089D227FC18AE00C5334F /* Release */,
			);
			defaultConfigurationIsVisible = 0;
			defaultConfigurationName = Release;
		};
		A6C089D327FC18AE00C5334F /* Build configuration list for PBXNativeTarget "Natpass-macapp" */ = {
			isa = XCConfigurationList;
			buildConfigurations = (
				A6C089D427FC18AE00C5334F /* Debug */,
				A6C089D527FC18AE00C5334F /* Release */,
			);
			defaultConfigurationIsVisible = 0;
			defaultConfigurationName = Release;
		};
/* End XCConfigurationList section */
	};
	rootObject = A6C089BC27FC18AA00C5334F /* Project object */;
}
